
Microsoft Visual Studio Solution File, Format Version 12.00
# Visual Studio Version 16
VisualStudioVersion = 16.0.30907.101
MinimumVisualStudioVersion = 10.0.40219.1
Project("{FAE04EC0-301F-11D3-BF4B-00C04F79EFBC}") = "tcms", "tcms.csproj", "{40E75943-A1B8-4DC8-BC23-798B180E8973}"
EndProject
Global
	GlobalSection(SolutionConfigurationPlatforms) = preSolution
		Debug|Any CPU = Debug|Any CPU
		Release|Any CPU = Release|Any CPU
	EndGlobalSection
	GlobalSection(ProjectConfigurationPlatforms) = postSolution
		{40E75943-A1B8-4DC8-BC23-798B180E8973}.Debug|Any CPU.ActiveCfg = Debug|Any CPU
		{40E75943-A1B8-4DC8-BC23-798B180E8973}.Debug|Any CPU.Build.0 = Debug|Any CPU
		{40E75943-A1B8-4DC8-BC23-798B180E8973}.Release|Any CPU.ActiveCfg = Release|Any CPU
		{40E75943-A1B8-4DC8-BC23-798B180E8973}.Release|Any CPU.Build.0 = Release|Any CPU
	EndGlobalSection
	GlobalSection(SolutionProperties) = preSolution
		HideSolutionNode = FALSE
	EndGlobalSection
	GlobalSection(ExtensibilityGlobals) = postSolution
		SolutionGuid = {5565C362-6FFE-4800-A179-25DCEA1FD7CD}
	EndGlobalSection
EndGlobal
